{
  "version": 4,
  "terraform_version": "1.2.8",
  "serial": 8,
  "lineage": "744e9145-e641-3dea-d20e-dbdf51c41835",
  "outputs": {},
  "resources": [
    {
      "mode": "managed",
      "type": "azurerm_app_service",
      "name": "app-fez-appservice",
      "provider": "provider[\"registry.terraform.io/hashicorp/azurerm\"]",
      "instances": [
        {
          "schema_version": 0,
          "attributes": {
            "app_service_plan_id": "/subscriptions/0eb051a2-8384-409a-b1dc-5decc2ea7d4a/resourceGroups/rg-appservice-eastus/providers/Microsoft.Web/serverfarms/app-fez",
            "app_settings": {
              "SOME_KEY": "some-value"
            },
            "auth_settings": [
              {
                "active_directory": [],
                "additional_login_params": {},
                "allowed_external_redirect_urls": [],
                "default_provider": "",
                "enabled": false,
                "facebook": [],
                "google": [],
                "issuer": "",
                "microsoft": [],
                "runtime_version": "",
                "token_refresh_extension_hours": 0,
                "token_store_enabled": false,
                "twitter": [],
                "unauthenticated_client_action": ""
              }
            ],
            "backup": [],
            "client_affinity_enabled": false,
            "client_cert_enabled": false,
            "client_cert_mode": "Required",
            "connection_string": [
              {
                "name": "Database",
                "type": "SQLServer",
                "value": "Server=some-server.mydomain.com;Integrated Security=SSPI"
              }
            ],
            "custom_domain_verification_id": "D6DCB8FED2DE8DAB61D8C549E5DAA532538DD78D24D0CE47426AE7562A4E6F8D",
            "default_site_hostname": "app-fez-appservice.azurewebsites.net",
            "enabled": true,
            "https_only": false,
            "id": "/subscriptions/0eb051a2-8384-409a-b1dc-5decc2ea7d4a/resourceGroups/rg-appservice-eastus/providers/Microsoft.Web/sites/app-fez-appservice",
            "identity": [],
            "key_vault_reference_identity_id": "SystemAssigned",
            "location": "eastus",
            "logs": [
              {
                "application_logs": [
                  {
                    "azure_blob_storage": [],
                    "file_system_level": "Off"
                  }
                ],
                "detailed_error_messages_enabled": false,
                "failed_request_tracing_enabled": false,
                "http_logs": [
                  {
                    "azure_blob_storage": [],
                    "file_system": []
                  }
                ]
              }
            ],
            "name": "app-fez-appservice",
            "outbound_ip_address_list": [
              "20.241.181.217",
              "20.241.183.56",
              "20.253.8.50",
              "20.253.8.75",
              "20.253.8.84",
              "20.253.8.113",
              "20.119.0.31"
            ],
            "outbound_ip_addresses": "20.241.181.217,20.241.183.56,20.253.8.50,20.253.8.75,20.253.8.84,20.253.8.113,20.119.0.31",
            "possible_outbound_ip_address_list": [
              "20.241.181.217",
              "20.241.183.56",
              "20.253.8.50",
              "20.253.8.75",
              "20.253.8.84",
              "20.253.8.113",
              "20.253.8.235",
              "20.253.9.1",
              "20.253.9.21",
              "20.253.9.36",
              "20.253.9.68",
              "20.253.9.87",
              "20.253.9.88",
              "20.253.9.90",
              "20.253.9.110",
              "20.253.9.132",
              "20.253.9.141",
              "20.253.9.146",
              "20.253.9.153",
              "20.253.9.165",
              "20.253.9.171",
              "20.253.9.175",
              "20.253.9.176",
              "20.253.9.180",
              "20.253.9.193",
              "20.253.9.197",
              "20.253.9.230",
              "20.253.9.249",
              "20.88.162.56",
              "20.253.10.9",
              "20.119.0.31"
            ],
            "possible_outbound_ip_addresses": "20.241.181.217,20.241.183.56,20.253.8.50,20.253.8.75,20.253.8.84,20.253.8.113,20.253.8.235,20.253.9.1,20.253.9.21,20.253.9.36,20.253.9.68,20.253.9.87,20.253.9.88,20.253.9.90,20.253.9.110,20.253.9.132,20.253.9.141,20.253.9.146,20.253.9.153,20.253.9.165,20.253.9.171,20.253.9.175,20.253.9.176,20.253.9.180,20.253.9.193,20.253.9.197,20.253.9.230,20.253.9.249,20.88.162.56,20.253.10.9,20.119.0.31",
            "resource_group_name": "rg-appservice-eastus",
            "site_config": [
              {
                "acr_use_managed_identity_credentials": false,
                "acr_user_managed_identity_client_id": "",
                "always_on": false,
                "app_command_line": "",
                "auto_swap_slot_name": "",
                "cors": [
                  {
                    "allowed_origins": [],
                    "support_credentials": false
                  }
                ],
                "default_documents": null,
                "dotnet_framework_version": "v4.0",
                "ftps_state": "FtpsOnly",
                "health_check_path": "",
                "http2_enabled": false,
                "ip_restriction": [],
                "java_container": "",
                "java_container_version": "",
                "java_version": "",
                "linux_fx_version": "",
                "local_mysql_enabled": false,
                "managed_pipeline_mode": "Integrated",
                "min_tls_version": "1.2",
                "number_of_workers": 1,
                "php_version": "",
                "python_version": "",
                "remote_debugging_enabled": false,
                "remote_debugging_version": "VS2019",
                "scm_ip_restriction": [],
                "scm_type": "LocalGit",
                "scm_use_main_ip_restriction": false,
                "use_32_bit_worker_process": false,
                "vnet_route_all_enabled": false,
                "websockets_enabled": false,
                "windows_fx_version": ""
              }
            ],
            "site_credential": [
              {
                "password": "KeewKC4ljWaNxEiEzBZQjfncZBzHNSK6FwHPbpMhTCSv3jFDnQjfJfhiflaw",
                "username": "$app-fez-appservice"
              }
            ],
            "source_control": [
              {
                "branch": "main",
                "manual_integration": false,
                "repo_url": "https://app-fez-appservice.scm.azurewebsites.net",
                "rollback_enabled": false,
                "use_mercurial": false
              }
            ],
            "storage_account": [],
            "tags": null,
            "timeouts": null
          },
          "sensitive_attributes": [],
          "private": "eyJlMmJmYjczMC1lY2FhLTExZTYtOGY4OC0zNDM2M2JjN2M0YzAiOnsiY3JlYXRlIjoxODAwMDAwMDAwMDAwLCJkZWxldGUiOjE4MDAwMDAwMDAwMDAsInJlYWQiOjMwMDAwMDAwMDAwMCwidXBkYXRlIjoxODAwMDAwMDAwMDAwfX0=",
          "dependencies": [
            "azurerm_app_service_plan.app-fez",
            "azurerm_resource_group.rg-appservice-eastus"
          ]
        }
      ]
    },
    {
      "mode": "managed",
      "type": "azurerm_app_service_plan",
      "name": "app-fez",
      "provider": "provider[\"registry.terraform.io/hashicorp/azurerm\"]",
      "instances": [
        {
          "schema_version": 0,
          "attributes": {
            "app_service_environment_id": "",
            "id": "/subscriptions/0eb051a2-8384-409a-b1dc-5decc2ea7d4a/resourceGroups/rg-appservice-eastus/providers/Microsoft.Web/serverfarms/app-fez",
            "is_xenon": false,
            "kind": "Windows",
            "location": "eastus",
            "maximum_elastic_worker_count": 1,
            "maximum_number_of_workers": 10,
            "name": "app-fez",
            "per_site_scaling": false,
            "reserved": false,
            "resource_group_name": "rg-appservice-eastus",
            "sku": [
              {
                "capacity": 1,
                "size": "S1",
                "tier": "Standard"
              }
            ],
            "tags": {},
            "timeouts": null,
            "zone_redundant": false
          },
          "sensitive_attributes": [],
          "private": "eyJlMmJmYjczMC1lY2FhLTExZTYtOGY4OC0zNDM2M2JjN2M0YzAiOnsiY3JlYXRlIjozNjAwMDAwMDAwMDAwLCJkZWxldGUiOjM2MDAwMDAwMDAwMDAsInJlYWQiOjMwMDAwMDAwMDAwMCwidXBkYXRlIjozNjAwMDAwMDAwMDAwfX0=",
          "dependencies": [
            "azurerm_resource_group.rg-appservice-eastus"
          ]
        }
      ]
    },
    {
      "mode": "managed",
      "type": "azurerm_resource_group",
      "name": "rg-appservice-eastus",
      "provider": "provider[\"registry.terraform.io/hashicorp/azurerm\"]",
      "instances": [
        {
          "schema_version": 0,
          "attributes": {
            "id": "/subscriptions/0eb051a2-8384-409a-b1dc-5decc2ea7d4a/resourceGroups/rg-appservice-eastus",
            "location": "eastus",
            "name": "rg-appservice-eastus",
            "tags": {},
            "timeouts": null
          },
          "sensitive_attributes": [],
          "private": "eyJlMmJmYjczMC1lY2FhLTExZTYtOGY4OC0zNDM2M2JjN2M0YzAiOnsiY3JlYXRlIjo1NDAwMDAwMDAwMDAwLCJkZWxldGUiOjU0MDAwMDAwMDAwMDAsInJlYWQiOjMwMDAwMDAwMDAwMCwidXBkYXRlIjo1NDAwMDAwMDAwMDAwfX0="
        }
      ]
    }
  ]
}
